{
  "name": "vicuna",
  "lockfileVersion": 3,
  "requires": true,
  "packages": {
    "": {
      "dependencies": {
        "supermemory": "^4.17.0"
      }
    },
    "node_modules/supermemory": {
      "version": "4.17.0",
      "resolved": "https://registry.npmjs.org/supermemory/-/supermemory-4.17.0.tgz",
      "integrity": "sha512-+37Lwl85cEtNxQRqLCg+b8L07KT9s/2Wuc1jzWOd+n+A9SIQpOZRgg8bIVWgsi3vLpnYcjFdu7/6xjTH+PUQsA==",
      "license": "Apache-2.0",
      "bin": {
        "supermemory": "bin/cli"
      }
    }
  }
}
